
Microsoft Visual Studio Solution File, Format Version 12.00
# Visual Studio Version 17
VisualStudioVersion = 17.9.34723.18
MinimumVisualStudioVersion = 10.0.40219.1
Project("{8BC9CEB8-8B4A-11D0-8D11-00A0C91BC942}") = "Project4_Graphics3DApplication", "Project4_Graphics3DApplication\Project4_Graphics3DApplication.vcxproj", "{979F0C86-6986-4355-80D7-19191CD74D51}"
EndProject
Global
	GlobalSection(SolutionConfigurationPlatforms) = preSolution
		Debug|x64 = Debug|x64
		Debug|x86 = Debug|x86
		Release|x64 = Release|x64
		Release|x86 = Release|x86
	EndGlobalSection
	GlobalSection(ProjectConfigurationPlatforms) = postSolution
		{979F0C86-6986-4355-80D7-19191CD74D51}.Debug|x64.ActiveCfg = Debug|x64
		{979F0C86-6986-4355-80D7-19191CD74D51}.Debug|x64.Build.0 = Debug|x64
		{979F0C86-6986-4355-80D7-19191CD74D51}.Debug|x86.ActiveCfg = Debug|Win32
		{979F0C86-6986-4355-80D7-19191CD74D51}.Debug|x86.Build.0 = Debug|Win32
		{979F0C86-6986-4355-80D7-19191CD74D51}.Release|x64.ActiveCfg = Release|x64
		{979F0C86-6986-4355-80D7-19191CD74D51}.Release|x64.Build.0 = Release|x64
		{979F0C86-6986-4355-80D7-19191CD74D51}.Release|x86.ActiveCfg = Release|Win32
		{979F0C86-6986-4355-80D7-19191CD74D51}.Release|x86.Build.0 = Release|Win32
	EndGlobalSection
	GlobalSection(SolutionProperties) = preSolution
		HideSolutionNode = FALSE
	EndGlobalSection
	GlobalSection(ExtensibilityGlobals) = postSolution
		SolutionGuid = {ACA999B7-0603-4B6D-AD45-DE4A4799EB72}
	EndGlobalSection
EndGlobal
